// !$*UTF8*$!
{
	archiveVersion = 1;
	classes = {
	};
	objectVersion = 46;
	objects = {

/* Begin PBXBuildFile section */
		A7F1DE291B18045C001E9B94 /* AppDelegate.swift in Sources */ = {isa = PBXBuildFile; fileRef = A7F1DE281B18045C001E9B94 /* AppDelegate.swift */; };
		A7F1DE2B1B18045C001E9B94 /* ViewController.swift in Sources */ = {isa = PBXBuildFile; fileRef = A7F1DE2A1B18045C001E9B94 /* ViewController.swift */; };
		A7F1DE2E1B18045C001E9B94 /* Main.storyboard in Resources */ = {isa = PBXBuildFile; fileRef = A7F1DE2C1B18045C001E9B94 /* Main.storyboard */; };
		A7F1DE301B18045C001E9B94 /* Images.xcassets in Resources */ = {isa = PBXBuildFile; fileRef = A7F1DE2F1B18045C001E9B94 /* Images.xcassets */; };
		A7F1DE331B18045C001E9B94 /* LaunchScreen.xib in Resources */ = {isa = PBXBuildFile; fileRef = A7F1DE311B18045C001E9B94 /* LaunchScreen.xib */; };
		A7F1DE3F1B18045C001E9B94 /* caravel_testTests.swift in Sources */ = {isa = PBXBuildFile; fileRef = A7F1DE3E1B18045C001E9B94 /* caravel_testTests.swift */; };
		A7F1DE4B1B18067F001E9B94 /* Caravel.framework in Frameworks */ = {isa = PBXBuildFile; fileRef = A7F1DE4A1B18067F001E9B94 /* Caravel.framework */; };
/* End PBXBuildFile section */

/* Begin PBXContainerItemProxy section */
		A7F1DE391B18045C001E9B94 /* PBXContainerItemProxy */ = {
			isa = PBXContainerItemProxy;
			containerPortal = A7F1DE1B1B18045C001E9B94 /* Project object */;
			proxyType = 1;
			remoteGlobalIDString = A7F1DE221B18045C001E9B94;
			remoteInfo = "caravel-test";
		};
/* End PBXContainerItemProxy section */

/* Begin PBXFileReference section */
		A7F1DE231B18045C001E9B94 /* caravel-test.app */ = {isa = PBXFileReference; explicitFileType = wrapper.application; includeInIndex = 0; path = "caravel-test.app"; sourceTree = BUILT_PRODUCTS_DIR; };
		A7F1DE271B18045C001E9B94 /* Info.plist */ = {isa = PBXFileReference; lastKnownFileType = text.plist.xml; path = Info.plist; sourceTree = "<group>"; };
		A7F1DE281B18045C001E9B94 /* AppDelegate.swift */ = {isa = PBXFileReference; lastKnownFileType = sourcecode.swift; path = AppDelegate.swift; sourceTree = "<group>"; };
		A7F1DE2A1B18045C001E9B94 /* ViewController.swift */ = {isa = PBXFileReference; lastKnownFileType = sourcecode.swift; path = ViewController.swift; sourceTree = "<group>"; };
		A7F1DE2D1B18045C001E9B94 /* Base */ = {isa = PBXFileReference; lastKnownFileType = file.storyboard; name = Base; path = Base.lproj/Main.storyboard; sourceTree = "<group>"; };
		A7F1DE2F1B18045C001E9B94 /* Images.xcassets */ = {isa = PBXFileReference; lastKnownFileType = folder.assetcatalog; path = Images.xcassets; sourceTree = "<group>"; };
		A7F1DE321B18045C001E9B94 /* Base */ = {isa = PBXFileReference; lastKnownFileType = file.xib; name = Base; path = Base.lproj/LaunchScreen.xib; sourceTree = "<group>"; };
		A7F1DE381B18045C001E9B94 /* caravel-testTests.xctest */ = {isa = PBXFileReference; explicitFileType = wrapper.cfbundle; includeInIndex = 0; path = "caravel-testTests.xctest"; sourceTree = BUILT_PRODUCTS_DIR; };
		A7F1DE3D1B18045C001E9B94 /* Info.plist */ = {isa = PBXFileReference; lastKnownFileType = text.plist.xml; path = Info.plist; sourceTree = "<group>"; };
		A7F1DE3E1B18045C001E9B94 /* caravel_testTests.swift */ = {isa = PBXFileReference; lastKnownFileType = sourcecode.swift; path = caravel_testTests.swift; sourceTree = "<group>"; };
		A7F1DE4A1B18067F001E9B94 /* Caravel.framework */ = {isa = PBXFileReference; lastKnownFileType = wrapper.framework; name = Caravel.framework; path = "../build/Debug-iphoneos/Caravel.framework"; sourceTree = "<group>"; };
/* End PBXFileReference section */

/* Begin PBXFrameworksBuildPhase section */
		A7F1DE201B18045C001E9B94 /* Frameworks */ = {
			isa = PBXFrameworksBuildPhase;
			buildActionMask = 2147483647;
			files = (
				A7F1DE4B1B18067F001E9B94 /* Caravel.framework in Frameworks */,
			);
			runOnlyForDeploymentPostprocessing = 0;
		};
		A7F1DE351B18045C001E9B94 /* Frameworks */ = {
			isa = PBXFrameworksBuildPhase;
			buildActionMask = 2147483647;
			files = (
			);
			runOnlyForDeploymentPostprocessing = 0;
		};
/* End PBXFrameworksBuildPhase section */

/* Begin PBXGroup section */
		A7F1DE1A1B18045C001E9B94 = {
			isa = PBXGroup;
			children = (
				A7F1DE4A1B18067F001E9B94 /* Caravel.framework */,
				A7F1DE251B18045C001E9B94 /* caravel-test */,
				A7F1DE3B1B18045C001E9B94 /* caravel-testTests */,
				A7F1DE241B18045C001E9B94 /* Products */,
			);
			sourceTree = "<group>";
		};
		A7F1DE241B18045C001E9B94 /* Products */ = {
			isa = PBXGroup;
			children = (
				A7F1DE231B18045C001E9B94 /* caravel-test.app */,
				A7F1DE381B18045C001E9B94 /* caravel-testTests.xctest */,
			);
			name = Products;
			sourceTree = "<group>";
		};
		A7F1DE251B18045C001E9B94 /* caravel-test */ = {
			isa = PBXGroup;
			children = (
				A7F1DE281B18045C001E9B94 /* AppDelegate.swift */,
				A7F1DE2A1B18045C001E9B94 /* ViewController.swift */,
				A7F1DE2C1B18045C001E9B94 /* Main.storyboard */,
				A7F1DE2F1B18045C001E9B94 /* Images.xcassets */,
				A7F1DE311B18045C001E9B94 /* LaunchScreen.xib */,
				A7F1DE261B18045C001E9B94 /* Supporting Files */,
			);
			path = "caravel-test";
			sourceTree = "<group>";
		};
		A7F1DE261B18045C001E9B94 /* Supporting Files */ = {
			isa = PBXGroup;
			children = (
				A7F1DE271B18045C001E9B94 /* Info.plist */,
			);
			name = "Supporting Files";
			sourceTree = "<group>";
		};
		A7F1DE3B1B18045C001E9B94 /* caravel-testTests */ = {
			isa = PBXGroup;
			children = (
				A7F1DE3E1B18045C001E9B94 /* caravel_testTests.swift */,
				A7F1DE3C1B18045C001E9B94 /* Supporting Files */,
			);
			path = "caravel-testTests";
			sourceTree = "<group>";
		};
		A7F1DE3C1B18045C001E9B94 /* Supporting Files */ = {
			isa = PBXGroup;
			children = (
				A7F1DE3D1B18045C001E9B94 /* Info.plist */,
			);
			name = "Supporting Files";
			sourceTree = "<group>";
		};
/* End PBXGroup section */

/* Begin PBXNativeTarget section */
		A7F1DE221B18045C001E9B94 /* caravel-test */ = {
			isa = PBXNativeTarget;
			buildConfigurationList = A7F1DE421B18045C001E9B94 /* Build configuration list for PBXNativeTarget "caravel-test" */;
			buildPhases = (
				A7F1DE1F1B18045C001E9B94 /* Sources */,
				A7F1DE201B18045C001E9B94 /* Frameworks */,
				A7F1DE211B18045C001E9B94 /* Resources */,
			);
			buildRules = (
			);
			dependencies = (
			);
			name = "caravel-test";
			productName = "caravel-test";
			productReference = A7F1DE231B18045C001E9B94 /* caravel-test.app */;
			productType = "com.apple.product-type.application";
		};
		A7F1DE371B18045C001E9B94 /* caravel-testTests */ = {
			isa = PBXNativeTarget;
			buildConfigurationList = A7F1DE451B18045C001E9B94 /* Build configuration list for PBXNativeTarget "caravel-testTests" */;
			buildPhases = (
				A7F1DE341B18045C001E9B94 /* Sources */,
				A7F1DE351B18045C001E9B94 /* Frameworks */,
				A7F1DE361B18045C001E9B94 /* Resources */,
			);
			buildRules = (
			);
			dependencies = (
				A7F1DE3A1B18045C001E9B94 /* PBXTargetDependency */,
			);
			name = "caravel-testTests";
			productName = "caravel-testTests";
			productReference = A7F1DE381B18045C001E9B94 /* caravel-testTests.xctest */;
			productType = "com.apple.product-type.bundle.unit-test";
		};
/* End PBXNativeTarget section */

/* Begin PBXProject section */
		A7F1DE1B1B18045C001E9B94 /* Project object */ = {
			isa = PBXProject;
			attributes = {
				LastUpgradeCheck = 0630;
				ORGANIZATIONNAME = "Coshx Labs";
				TargetAttributes = {
					A7F1DE221B18045C001E9B94 = {
						CreatedOnToolsVersion = 6.3.2;
					};
					A7F1DE371B18045C001E9B94 = {
						CreatedOnToolsVersion = 6.3.2;
						TestTargetID = A7F1DE221B18045C001E9B94;
					};
				};
			};
			buildConfigurationList = A7F1DE1E1B18045C001E9B94 /* Build configuration list for PBXProject "caravel-test" */;
			compatibilityVersion = "Xcode 3.2";
			developmentRegion = English;
			hasScannedForEncodings = 0;
			knownRegions = (
				en,
				Base,
			);
			mainGroup = A7F1DE1A1B18045C001E9B94;
			productRefGroup = A7F1DE241B18045C001E9B94 /* Products */;
			projectDirPath = "";
			projectRoot = "";
			targets = (
				A7F1DE221B18045C001E9B94 /* caravel-test */,
				A7F1DE371B18045C001E9B94 /* caravel-testTests */,
			);
		};
/* End PBXProject section */

/* Begin PBXResourcesBuildPhase section */
		A7F1DE211B18045C001E9B94 /* Resources */ = {
			isa = PBXResourcesBuildPhase;
			buildActionMask = 2147483647;
			files = (
				A7F1DE2E1B18045C001E9B94 /* Main.storyboard in Resources */,
				A7F1DE331B18045C001E9B94 /* LaunchScreen.xib in Resources */,
				A7F1DE301B18045C001E9B94 /* Images.xcassets in Resources */,
			);
			runOnlyForDeploymentPostprocessing = 0;
		};
		A7F1DE361B18045C001E9B94 /* Resources */ = {
			isa = PBXResourcesBuildPhase;
			buildActionMask = 2147483647;
			files = (
			);
			runOnlyForDeploymentPostprocessing = 0;
		};
/* End PBXResourcesBuildPhase section */

/* Begin PBXSourcesBuildPhase section */
		A7F1DE1F1B18045C001E9B94 /* Sources */ = {
			isa = PBXSourcesBuildPhase;
			buildActionMask = 2147483647;
			files = (
				A7F1DE2B1B18045C001E9B94 /* ViewController.swift in Sources */,
				A7F1DE291B18045C001E9B94 /* AppDelegate.swift in Sources */,
			);
			runOnlyForDeploymentPostprocessing = 0;
		};
		A7F1DE341B18045C001E9B94 /* Sources */ = {
			isa = PBXSourcesBuildPhase;
			buildActionMask = 2147483647;
			files = (
				A7F1DE3F1B18045C001E9B94 /* caravel_testTests.swift in Sources */,
			);
			runOnlyForDeploymentPostprocessing = 0;
		};
/* End PBXSourcesBuildPhase section */

/* Begin PBXTargetDependency section */
		A7F1DE3A1B18045C001E9B94 /* PBXTargetDependency */ = {
			isa = PBXTargetDependency;
			target = A7F1DE221B18045C001E9B94 /* caravel-test */;
			targetProxy = A7F1DE391B18045C001E9B94 /* PBXContainerItemProxy */;
		};
/* End PBXTargetDependency section */

/* Begin PBXVariantGroup section */
		A7F1DE2C1B18045C001E9B94 /* Main.storyboard */ = {
			isa = PBXVariantGroup;
			children = (
				A7F1DE2D1B18045C001E9B94 /* Base */,
			);
			name = Main.storyboard;
			sourceTree = "<group>";
		};
		A7F1DE311B18045C001E9B94 /* LaunchScreen.xib */ = {
			isa = PBXVariantGroup;
			children = (
				A7F1DE321B18045C001E9B94 /* Base */,
			);
			name = LaunchScreen.xib;
			sourceTree = "<group>";
		};
/* End PBXVariantGroup section */

/* Begin XCBuildConfiguration section */
		A7F1DE401B18045C001E9B94 /* Debug */ = {
			isa = XCBuildConfiguration;
			buildSettings = {
				ALWAYS_SEARCH_USER_PATHS = NO;
				CLANG_CXX_LANGUAGE_STANDARD = "gnu++0x";
				CLANG_CXX_LIBRARY = "libc++";
				CLANG_ENABLE_MODULES = YES;
				CLANG_ENABLE_OBJC_ARC = YES;
				CLANG_WARN_BOOL_CONVERSION = YES;
				CLANG_WARN_CONSTANT_CONVERSION = YES;
				CLANG_WARN_DIRECT_OBJC_ISA_USAGE = YES_ERROR;
				CLANG_WARN_EMPTY_BODY = YES;
				CLANG_WARN_ENUM_CONVERSION = YES;
				CLANG_WARN_INT_CONVERSION = YES;
				CLANG_WARN_OBJC_ROOT_CLASS = YES_ERROR;
				CLANG_WARN_UNREACHABLE_CODE = YES;
				CLANG_WARN__DUPLICATE_METHOD_MATCH = YES;
				"CODE_SIGN_IDENTITY[sdk=iphoneos*]" = "iPhone Developer";
				COPY_PHASE_STRIP = NO;
				DEBUG_INFORMATION_FORMAT = "dwarf-with-dsym";
				ENABLE_STRICT_OBJC_MSGSEND = YES;
				GCC_C_LANGUAGE_STANDARD = gnu99;
				GCC_DYNAMIC_NO_PIC = NO;
				GCC_NO_COMMON_BLOCKS = YES;
				GCC_OPTIMIZATION_LEVEL = 0;
				GCC_PREPROCESSOR_DEFINITIONS = (
					"DEBUG=1",
					"$(inherited)",
				);
				GCC_SYMBOLS_PRIVATE_EXTERN = NO;
				GCC_WARN_64_TO_32_BIT_CONVERSION = YES;
				GCC_WARN_ABOUT_RETURN_TYPE = YES_ERROR;
				GCC_WARN_UNDECLARED_SELECTOR = YES;
				GCC_WARN_UNINITIALIZED_AUTOS = YES_AGGRESSIVE;
				GCC_WARN_UNUSED_FUNCTION = YES;
				GCC_WARN_UNUSED_VARIABLE = YES;
				IPHONEOS_DEPLOYMENT_TARGET = 8.3;
				MTL_ENABLE_DEBUG_INFO = YES;
				ONLY_ACTIVE_ARCH = YES;
				SDKROOT = iphoneos;
				SWIFT_OPTIMIZATION_LEVEL = "-Onone";
			};
			name = Debug;
		};
		A7F1DE411B18045C001E9B94 /* Release */ = {
			isa = XCBuildConfiguration;
			buildSettings = {
				ALWAYS_SEARCH_USER_PATHS = NO;
				CLANG_CXX_LANGUAGE_STANDARD = "gnu++0x";
				CLANG_CXX_LIBRARY = "libc++";
				CLANG_ENABLE_MODULES = YES;
				CLANG_ENABLE_OBJC_ARC = YES;
				CLANG_WARN_BOOL_CONVERSION = YES;
				CLANG_WARN_CONSTANT_CONVERSION = YES;
				CLANG_WARN_DIRECT_OBJC_ISA_USAGE = YES_ERROR;
				CLANG_WARN_EMPTY_BODY = YES;
				CLANG_WARN_ENUM_CONVERSION = YES;
				CLANG_WARN_INT_CONVERSION = YES;
				CLANG_WARN_OBJC_ROOT_CLASS = YES_ERROR;
				CLANG_WARN_UNREACHABLE_CODE = YES;
				CLANG_WARN__DUPLICATE_METHOD_MATCH = YES;
				"CODE_SIGN_IDENTITY[sdk=iphoneos*]" = "iPhone Developer";
				COPY_PHASE_STRIP = NO;
				DEBUG_INFORMATION_FORMAT = "dwarf-with-dsym";
				ENABLE_NS_ASSERTIONS = NO;
				ENABLE_STRICT_OBJC_MSGSEND = YES;
				GCC_C_LANGUAGE_STANDARD = gnu99;
				GCC_NO_COMMON_BLOCKS = YES;
				GCC_WARN_64_TO_32_BIT_CONVERSION = YES;
				GCC_WARN_ABOUT_RETURN_TYPE = YES_ERROR;
				GCC_WARN_UNDECLARED_SELECTOR = YES;
				GCC_WARN_UNINITIALIZED_AUTOS = YES_AGGRESSIVE;
				GCC_WARN_UNUSED_FUNCTION = YES;
				GCC_WARN_UNUSED_VARIABLE = YES;
				IPHONEOS_DEPLOYMENT_TARGET = 8.3;
				MTL_ENABLE_DEBUG_INFO = NO;
				SDKROOT = iphoneos;
				VALIDATE_PRODUCT = YES;
			};
			name = Release;
		};
		A7F1DE431B18045C001E9B94 /* Debug */ = {
			isa = XCBuildConfiguration;
			buildSettings = {
				ASSETCATALOG_COMPILER_APPICON_NAME = AppIcon;
				FRAMEWORK_SEARCH_PATHS = (
					"$(inherited)",
					"/Users/acadet/Documents/workspace/swift/caravel/build/Debug-iphoneos",
				);
				INFOPLIST_FILE = "caravel-test/Info.plist";
				LD_RUNPATH_SEARCH_PATHS = "$(inherited) @executable_path/Frameworks";
				PRODUCT_NAME = "$(TARGET_NAME)";
			};
			name = Debug;
		};
		A7F1DE441B18045C001E9B94 /* Release */ = {
			isa = XCBuildConfiguration;
			buildSettings = {
				ASSETCATALOG_COMPILER_APPICON_NAME = AppIcon;
				FRAMEWORK_SEARCH_PATHS = (
					"$(inherited)",
					"/Users/acadet/Documents/workspace/swift/caravel/build/Debug-iphoneos",
				);
				INFOPLIST_FILE = "caravel-test/Info.plist";
				LD_RUNPATH_SEARCH_PATHS = "$(inherited) @executable_path/Frameworks";
				PRODUCT_NAME = "$(TARGET_NAME)";
			};
			name = Release;
		};
		A7F1DE461B18045C001E9B94 /* Debug */ = {
			isa = XCBuildConfiguration;
			buildSettings = {
				BUNDLE_LOADER = "$(TEST_HOST)";
				FRAMEWORK_SEARCH_PATHS = (
					"$(SDKROOT)/Developer/Library/Frameworks",
					"$(inherited)",
				);
				GCC_PREPROCESSOR_DEFINITIONS = (
					"DEBUG=1",
					"$(inherited)",
				);
				INFOPLIST_FILE = "caravel-testTests/Info.plist";
				LD_RUNPATH_SEARCH_PATHS = "$(inherited) @executable_path/Frameworks @loader_path/Frameworks";
				PRODUCT_NAME = "$(TARGET_NAME)";
				TEST_HOST = "$(BUILT_PRODUCTS_DIR)/caravel-test.app/caravel-test";
			};
			name = Debug;
		};
		A7F1DE471B18045C001E9B94 /* Release */ = {
			isa = XCBuildConfiguration;
			buildSettings = {
				BUNDLE_LOADER = "$(TEST_HOST)";
				FRAMEWORK_SEARCH_PATHS = (
					"$(SDKROOT)/Developer/Library/Frameworks",
					"$(inherited)",
				);
				INFOPLIST_FILE = "caravel-testTests/Info.plist";
				LD_RUNPATH_SEARCH_PATHS = "$(inherited) @executable_path/Frameworks @loader_path/Frameworks";
				PRODUCT_NAME = "$(TARGET_NAME)";
				TEST_HOST = "$(BUILT_PRODUCTS_DIR)/caravel-test.app/caravel-test";
			};
			name = Release;
		};
/* End XCBuildConfiguration section */

/* Begin XCConfigurationList section */
		A7F1DE1E1B18045C001E9B94 /* Build configuration list for PBXProject "caravel-test" */ = {
			isa = XCConfigurationList;
			buildConfigurations = (
				A7F1DE401B18045C001E9B94 /* Debug */,
				A7F1DE411B18045C001E9B94 /* Release */,
			);
			defaultConfigurationIsVisible = 0;
			defaultConfigurationName = Release;
		};
		A7F1DE421B18045C001E9B94 /* Build configuration list for PBXNativeTarget "caravel-test" */ = {
			isa = XCConfigurationList;
			buildConfigurations = (
				A7F1DE431B18045C001E9B94 /* Debug */,
				A7F1DE441B18045C001E9B94 /* Release */,
			);
			defaultConfigurationIsVisible = 0;
			defaultConfigurationName = Release;
		};
		A7F1DE451B18045C001E9B94 /* Build configuration list for PBXNativeTarget "caravel-testTests" */ = {
			isa = XCConfigurationList;
			buildConfigurations = (
				A7F1DE461B18045C001E9B94 /* Debug */,
				A7F1DE471B18045C001E9B94 /* Release */,
			);
			defaultConfigurationIsVisible = 0;
			defaultConfigurationName = Release;
		};
/* End XCConfigurationList section */
	};
	rootObject = A7F1DE1B1B18045C001E9B94 /* Project object */;
}
