// !$*UTF8*$!
{
	archiveVersion = 1;
	classes = {
	};
	objectVersion = 46;
	objects = {

/* Begin PBXBuildFile section */
		A71E82911BFD0FC00078C5A0 /* ThreadingController.swift in Sources */ = {isa = PBXBuildFile; fileRef = A71E82901BFD0FC00078C5A0 /* ThreadingController.swift */; };
		A71E82931BFD13300078C5A0 /* threading.js in Resources */ = {isa = PBXBuildFile; fileRef = A71E82921BFD13300078C5A0 /* threading.js */; };
		A71E82951BFD14490078C5A0 /* threading.html in Resources */ = {isa = PBXBuildFile; fileRef = A71E82941BFD14490078C5A0 /* threading.html */; };
		A71E82971BFD19580078C5A0 /* UnregistrationController.swift in Sources */ = {isa = PBXBuildFile; fileRef = A71E82961BFD19580078C5A0 /* UnregistrationController.swift */; };
		A71E82991BFD1CFD0078C5A0 /* unregistration.js in Resources */ = {isa = PBXBuildFile; fileRef = A71E82981BFD1CFD0078C5A0 /* unregistration.js */; };
		A71E829B1BFD1D0E0078C5A0 /* unregistration.html in Resources */ = {isa = PBXBuildFile; fileRef = A71E829A1BFD1D0E0078C5A0 /* unregistration.html */; };
		A71E829D1BFD39DA0078C5A0 /* BenchmarkController.swift in Sources */ = {isa = PBXBuildFile; fileRef = A71E829C1BFD39DA0078C5A0 /* BenchmarkController.swift */; };
		A71E829F1BFD3BEB0078C5A0 /* benchmark.js in Resources */ = {isa = PBXBuildFile; fileRef = A71E829E1BFD3BEB0078C5A0 /* benchmark.js */; };
		A71E82A11BFD3BFE0078C5A0 /* benchmark.html in Resources */ = {isa = PBXBuildFile; fileRef = A71E82A01BFD3BFE0078C5A0 /* benchmark.html */; };
		A71E82A31BFD45F80078C5A0 /* TwoBucketController.swift in Sources */ = {isa = PBXBuildFile; fileRef = A71E82A21BFD45F80078C5A0 /* TwoBucketController.swift */; };
		A71E82A51BFD48260078C5A0 /* two_buckets.js in Resources */ = {isa = PBXBuildFile; fileRef = A71E82A41BFD48260078C5A0 /* two_buckets.js */; };
		A71E82A71BFD48350078C5A0 /* two_buckets.html in Resources */ = {isa = PBXBuildFile; fileRef = A71E82A61BFD48350078C5A0 /* two_buckets.html */; };
		A727041C1C4700BD00E9CC82 /* BaseController.swift in Sources */ = {isa = PBXBuildFile; fileRef = A727041B1C4700BD00E9CC82 /* BaseController.swift */; };
		A75AD3F51B1913B600404C06 /* InitializationController.swift in Sources */ = {isa = PBXBuildFile; fileRef = A75AD3F41B1913B600404C06 /* InitializationController.swift */; };
		A75AD3F71B1914FB00404C06 /* initialization.js in Resources */ = {isa = PBXBuildFile; fileRef = A75AD3F61B1914FA00404C06 /* initialization.js */; };
		A75AD3F91B19150200404C06 /* initialization.html in Resources */ = {isa = PBXBuildFile; fileRef = A75AD3F81B19150200404C06 /* initialization.html */; };
		A75AD3FB1B19169200404C06 /* MultipleSubscriberController.swift in Sources */ = {isa = PBXBuildFile; fileRef = A75AD3FA1B19169200404C06 /* MultipleSubscriberController.swift */; };
		A75AD3FD1B1917BE00404C06 /* multiple_subscribers.html in Resources */ = {isa = PBXBuildFile; fileRef = A75AD3FC1B1917BE00404C06 /* multiple_subscribers.html */; };
		A75AD3FF1B1917C300404C06 /* multiple_subscribers.js in Resources */ = {isa = PBXBuildFile; fileRef = A75AD3FE1B1917C300404C06 /* multiple_subscribers.js */; };
		A75AD4011B19182F00404C06 /* TwoEventController.swift in Sources */ = {isa = PBXBuildFile; fileRef = A75AD4001B19182F00404C06 /* TwoEventController.swift */; };
		A75AD4031B191A1400404C06 /* two_events.js in Resources */ = {isa = PBXBuildFile; fileRef = A75AD4021B191A1400404C06 /* two_events.js */; };
		A75AD4051B191A1800404C06 /* two_events.html in Resources */ = {isa = PBXBuildFile; fileRef = A75AD4041B191A1800404C06 /* two_events.html */; };
		A75AD4071B191ADF00404C06 /* TwoBusController.swift in Sources */ = {isa = PBXBuildFile; fileRef = A75AD4061B191ADF00404C06 /* TwoBusController.swift */; };
		A75AD4091B191C7A00404C06 /* two_buses.js in Resources */ = {isa = PBXBuildFile; fileRef = A75AD4081B191C7A00404C06 /* two_buses.js */; };
		A75AD40B1B191C8000404C06 /* two_buses.html in Resources */ = {isa = PBXBuildFile; fileRef = A75AD40A1B191C8000404C06 /* two_buses.html */; };
		A797628D1B198B98006D94CB /* event_name.html in Resources */ = {isa = PBXBuildFile; fileRef = A797628C1B198B98006D94CB /* event_name.html */; };
		A797628F1B198B9F006D94CB /* event_name.js in Resources */ = {isa = PBXBuildFile; fileRef = A797628E1B198B9F006D94CB /* event_name.js */; };
		A79762911B198BA7006D94CB /* EventNameController.swift in Sources */ = {isa = PBXBuildFile; fileRef = A79762901B198BA7006D94CB /* EventNameController.swift */; };
		A79762931B19904C006D94CB /* EventDataController.swift in Sources */ = {isa = PBXBuildFile; fileRef = A79762921B19904C006D94CB /* EventDataController.swift */; };
		A79762951B199541006D94CB /* event_data.js in Resources */ = {isa = PBXBuildFile; fileRef = A79762941B199541006D94CB /* event_data.js */; };
		A79762971B19954A006D94CB /* event_data.html in Resources */ = {isa = PBXBuildFile; fileRef = A79762961B19954A006D94CB /* event_data.html */; };
		A7AC9F2A1B349BB40041EB0B /* caravel.min.js in Resources */ = {isa = PBXBuildFile; fileRef = A7AC9F291B349BB40041EB0B /* caravel.min.js */; };
		A7C869061B18CEF30070AF5A /* basic_triggering.html in Resources */ = {isa = PBXBuildFile; fileRef = A7C869051B18CEF30070AF5A /* basic_triggering.html */; };
		A7C869081B18CF450070AF5A /* basic_triggering.js in Resources */ = {isa = PBXBuildFile; fileRef = A7C869071B18CF450070AF5A /* basic_triggering.js */; };
		A7DB0FF21C44582A002EA3FC /* Caravel.framework in Frameworks */ = {isa = PBXBuildFile; fileRef = A7BC5DC31C09507100C0230A /* Caravel.framework */; };
		A7DB0FF31C44582A002EA3FC /* Caravel.framework in Embed Frameworks */ = {isa = PBXBuildFile; fileRef = A7BC5DC31C09507100C0230A /* Caravel.framework */; settings = {ATTRIBUTES = (CodeSignOnCopy, RemoveHeadersOnCopy, ); }; };
		A7DC081B1B18C73500D98DA5 /* BasicTriggeringController.swift in Sources */ = {isa = PBXBuildFile; fileRef = A7DC081A1B18C73500D98DA5 /* BasicTriggeringController.swift */; };
		A7F1DE291B18045C001E9B94 /* AppDelegate.swift in Sources */ = {isa = PBXBuildFile; fileRef = A7F1DE281B18045C001E9B94 /* AppDelegate.swift */; };
		A7F1DE2B1B18045C001E9B94 /* MainController.swift in Sources */ = {isa = PBXBuildFile; fileRef = A7F1DE2A1B18045C001E9B94 /* MainController.swift */; };
		A7F1DE2E1B18045C001E9B94 /* Main.storyboard in Resources */ = {isa = PBXBuildFile; fileRef = A7F1DE2C1B18045C001E9B94 /* Main.storyboard */; };
		A7F1DE301B18045C001E9B94 /* Images.xcassets in Resources */ = {isa = PBXBuildFile; fileRef = A7F1DE2F1B18045C001E9B94 /* Images.xcassets */; };
		A7F1DE331B18045C001E9B94 /* LaunchScreen.xib in Resources */ = {isa = PBXBuildFile; fileRef = A7F1DE311B18045C001E9B94 /* LaunchScreen.xib */; };
		A7F1DE3F1B18045C001E9B94 /* caravel_testTests.swift in Sources */ = {isa = PBXBuildFile; fileRef = A7F1DE3E1B18045C001E9B94 /* caravel_testTests.swift */; };
/* End PBXBuildFile section */

/* Begin PBXContainerItemProxy section */
		A7F1DE391B18045C001E9B94 /* PBXContainerItemProxy */ = {
			isa = PBXContainerItemProxy;
			containerPortal = A7F1DE1B1B18045C001E9B94 /* Project object */;
			proxyType = 1;
			remoteGlobalIDString = A7F1DE221B18045C001E9B94;
			remoteInfo = "caravel-test";
		};
/* End PBXContainerItemProxy section */

/* Begin PBXCopyFilesBuildPhase section */
		A7DB0FF41C44582A002EA3FC /* Embed Frameworks */ = {
			isa = PBXCopyFilesBuildPhase;
			buildActionMask = 2147483647;
			dstPath = "";
			dstSubfolderSpec = 10;
			files = (
				A7DB0FF31C44582A002EA3FC /* Caravel.framework in Embed Frameworks */,
			);
			name = "Embed Frameworks";
			runOnlyForDeploymentPostprocessing = 0;
		};
/* End PBXCopyFilesBuildPhase section */

/* Begin PBXFileReference section */
		A71E82901BFD0FC00078C5A0 /* ThreadingController.swift */ = {isa = PBXFileReference; fileEncoding = 4; lastKnownFileType = sourcecode.swift; path = ThreadingController.swift; sourceTree = "<group>"; };
		A71E82921BFD13300078C5A0 /* threading.js */ = {isa = PBXFileReference; fileEncoding = 4; lastKnownFileType = sourcecode.javascript; name = threading.js; path = js/threading.js; sourceTree = "<group>"; };
		A71E82941BFD14490078C5A0 /* threading.html */ = {isa = PBXFileReference; fileEncoding = 4; lastKnownFileType = text.html; name = threading.html; path = html/threading.html; sourceTree = "<group>"; };
		A71E82961BFD19580078C5A0 /* UnregistrationController.swift */ = {isa = PBXFileReference; fileEncoding = 4; lastKnownFileType = sourcecode.swift; path = UnregistrationController.swift; sourceTree = "<group>"; };
		A71E82981BFD1CFD0078C5A0 /* unregistration.js */ = {isa = PBXFileReference; fileEncoding = 4; lastKnownFileType = sourcecode.javascript; name = unregistration.js; path = js/unregistration.js; sourceTree = "<group>"; };
		A71E829A1BFD1D0E0078C5A0 /* unregistration.html */ = {isa = PBXFileReference; fileEncoding = 4; lastKnownFileType = text.html; name = unregistration.html; path = html/unregistration.html; sourceTree = "<group>"; };
		A71E829C1BFD39DA0078C5A0 /* BenchmarkController.swift */ = {isa = PBXFileReference; fileEncoding = 4; lastKnownFileType = sourcecode.swift; path = BenchmarkController.swift; sourceTree = "<group>"; };
		A71E829E1BFD3BEB0078C5A0 /* benchmark.js */ = {isa = PBXFileReference; fileEncoding = 4; lastKnownFileType = sourcecode.javascript; name = benchmark.js; path = js/benchmark.js; sourceTree = "<group>"; };
		A71E82A01BFD3BFE0078C5A0 /* benchmark.html */ = {isa = PBXFileReference; fileEncoding = 4; lastKnownFileType = text.html; name = benchmark.html; path = html/benchmark.html; sourceTree = "<group>"; };
		A71E82A21BFD45F80078C5A0 /* TwoBucketController.swift */ = {isa = PBXFileReference; fileEncoding = 4; lastKnownFileType = sourcecode.swift; path = TwoBucketController.swift; sourceTree = "<group>"; };
		A71E82A41BFD48260078C5A0 /* two_buckets.js */ = {isa = PBXFileReference; fileEncoding = 4; lastKnownFileType = sourcecode.javascript; name = two_buckets.js; path = js/two_buckets.js; sourceTree = "<group>"; };
		A71E82A61BFD48350078C5A0 /* two_buckets.html */ = {isa = PBXFileReference; fileEncoding = 4; lastKnownFileType = text.html; name = two_buckets.html; path = html/two_buckets.html; sourceTree = "<group>"; };
		A727041B1C4700BD00E9CC82 /* BaseController.swift */ = {isa = PBXFileReference; fileEncoding = 4; lastKnownFileType = sourcecode.swift; path = BaseController.swift; sourceTree = "<group>"; };
		A75AD3F41B1913B600404C06 /* InitializationController.swift */ = {isa = PBXFileReference; fileEncoding = 4; lastKnownFileType = sourcecode.swift; path = InitializationController.swift; sourceTree = "<group>"; };
		A75AD3F61B1914FA00404C06 /* initialization.js */ = {isa = PBXFileReference; fileEncoding = 4; lastKnownFileType = sourcecode.javascript; name = initialization.js; path = js/initialization.js; sourceTree = "<group>"; };
		A75AD3F81B19150200404C06 /* initialization.html */ = {isa = PBXFileReference; fileEncoding = 4; lastKnownFileType = text.html; name = initialization.html; path = html/initialization.html; sourceTree = "<group>"; };
		A75AD3FA1B19169200404C06 /* MultipleSubscriberController.swift */ = {isa = PBXFileReference; fileEncoding = 4; lastKnownFileType = sourcecode.swift; path = MultipleSubscriberController.swift; sourceTree = "<group>"; };
		A75AD3FC1B1917BE00404C06 /* multiple_subscribers.html */ = {isa = PBXFileReference; fileEncoding = 4; lastKnownFileType = text.html; name = multiple_subscribers.html; path = html/multiple_subscribers.html; sourceTree = "<group>"; };
		A75AD3FE1B1917C300404C06 /* multiple_subscribers.js */ = {isa = PBXFileReference; fileEncoding = 4; lastKnownFileType = sourcecode.javascript; name = multiple_subscribers.js; path = js/multiple_subscribers.js; sourceTree = "<group>"; };
		A75AD4001B19182F00404C06 /* TwoEventController.swift */ = {isa = PBXFileReference; fileEncoding = 4; lastKnownFileType = sourcecode.swift; path = TwoEventController.swift; sourceTree = "<group>"; };
		A75AD4021B191A1400404C06 /* two_events.js */ = {isa = PBXFileReference; fileEncoding = 4; lastKnownFileType = sourcecode.javascript; name = two_events.js; path = js/two_events.js; sourceTree = "<group>"; };
		A75AD4041B191A1800404C06 /* two_events.html */ = {isa = PBXFileReference; fileEncoding = 4; lastKnownFileType = text.html; name = two_events.html; path = html/two_events.html; sourceTree = "<group>"; };
		A75AD4061B191ADF00404C06 /* TwoBusController.swift */ = {isa = PBXFileReference; fileEncoding = 4; lastKnownFileType = sourcecode.swift; path = TwoBusController.swift; sourceTree = "<group>"; };
		A75AD4081B191C7A00404C06 /* two_buses.js */ = {isa = PBXFileReference; fileEncoding = 4; lastKnownFileType = sourcecode.javascript; name = two_buses.js; path = js/two_buses.js; sourceTree = "<group>"; };
		A75AD40A1B191C8000404C06 /* two_buses.html */ = {isa = PBXFileReference; fileEncoding = 4; lastKnownFileType = text.html; name = two_buses.html; path = html/two_buses.html; sourceTree = "<group>"; };
		A797628C1B198B98006D94CB /* event_name.html */ = {isa = PBXFileReference; fileEncoding = 4; lastKnownFileType = text.html; name = event_name.html; path = html/event_name.html; sourceTree = "<group>"; };
		A797628E1B198B9F006D94CB /* event_name.js */ = {isa = PBXFileReference; fileEncoding = 4; lastKnownFileType = sourcecode.javascript; name = event_name.js; path = js/event_name.js; sourceTree = "<group>"; };
		A79762901B198BA7006D94CB /* EventNameController.swift */ = {isa = PBXFileReference; fileEncoding = 4; lastKnownFileType = sourcecode.swift; path = EventNameController.swift; sourceTree = "<group>"; };
		A79762921B19904C006D94CB /* EventDataController.swift */ = {isa = PBXFileReference; fileEncoding = 4; lastKnownFileType = sourcecode.swift; path = EventDataController.swift; sourceTree = "<group>"; };
		A79762941B199541006D94CB /* event_data.js */ = {isa = PBXFileReference; fileEncoding = 4; lastKnownFileType = sourcecode.javascript; name = event_data.js; path = js/event_data.js; sourceTree = "<group>"; };
		A79762961B19954A006D94CB /* event_data.html */ = {isa = PBXFileReference; fileEncoding = 4; lastKnownFileType = text.html; name = event_data.html; path = html/event_data.html; sourceTree = "<group>"; };
		A7AC9F291B349BB40041EB0B /* caravel.min.js */ = {isa = PBXFileReference; fileEncoding = 4; lastKnownFileType = sourcecode.javascript; name = caravel.min.js; path = caravel/js/caravel.min.js; sourceTree = SOURCE_ROOT; };
		A7BC5DC31C09507100C0230A /* Caravel.framework */ = {isa = PBXFileReference; explicitFileType = wrapper.framework; name = Caravel.framework; path = "/Users/acadet/Library/Developer/Xcode/DerivedData/caravel-dlpamqduufdwsvhblzaeqpmtdyag/Build/Products/Debug-iphoneos/Caravel.framework"; sourceTree = "<absolute>"; };
		A7C869051B18CEF30070AF5A /* basic_triggering.html */ = {isa = PBXFileReference; fileEncoding = 4; lastKnownFileType = text.html; name = basic_triggering.html; path = html/basic_triggering.html; sourceTree = "<group>"; };
		A7C869071B18CF450070AF5A /* basic_triggering.js */ = {isa = PBXFileReference; fileEncoding = 4; lastKnownFileType = sourcecode.javascript; name = basic_triggering.js; path = js/basic_triggering.js; sourceTree = "<group>"; };
		A7DC081A1B18C73500D98DA5 /* BasicTriggeringController.swift */ = {isa = PBXFileReference; fileEncoding = 4; lastKnownFileType = sourcecode.swift; path = BasicTriggeringController.swift; sourceTree = "<group>"; };
		A7F1DE231B18045C001E9B94 /* caravel-test.app */ = {isa = PBXFileReference; explicitFileType = wrapper.application; includeInIndex = 0; path = "caravel-test.app"; sourceTree = BUILT_PRODUCTS_DIR; };
		A7F1DE271B18045C001E9B94 /* Info.plist */ = {isa = PBXFileReference; lastKnownFileType = text.plist.xml; path = Info.plist; sourceTree = "<group>"; };
		A7F1DE281B18045C001E9B94 /* AppDelegate.swift */ = {isa = PBXFileReference; lastKnownFileType = sourcecode.swift; path = AppDelegate.swift; sourceTree = "<group>"; };
		A7F1DE2A1B18045C001E9B94 /* MainController.swift */ = {isa = PBXFileReference; lastKnownFileType = sourcecode.swift; path = MainController.swift; sourceTree = "<group>"; };
		A7F1DE2D1B18045C001E9B94 /* Base */ = {isa = PBXFileReference; lastKnownFileType = file.storyboard; name = Base; path = Base.lproj/Main.storyboard; sourceTree = "<group>"; };
		A7F1DE2F1B18045C001E9B94 /* Images.xcassets */ = {isa = PBXFileReference; lastKnownFileType = folder.assetcatalog; path = Images.xcassets; sourceTree = "<group>"; };
		A7F1DE321B18045C001E9B94 /* Base */ = {isa = PBXFileReference; lastKnownFileType = file.xib; name = Base; path = Base.lproj/LaunchScreen.xib; sourceTree = "<group>"; };
		A7F1DE381B18045C001E9B94 /* caravel-testTests.xctest */ = {isa = PBXFileReference; explicitFileType = wrapper.cfbundle; includeInIndex = 0; path = "caravel-testTests.xctest"; sourceTree = BUILT_PRODUCTS_DIR; };
		A7F1DE3D1B18045C001E9B94 /* Info.plist */ = {isa = PBXFileReference; lastKnownFileType = text.plist.xml; path = Info.plist; sourceTree = "<group>"; };
		A7F1DE3E1B18045C001E9B94 /* caravel_testTests.swift */ = {isa = PBXFileReference; lastKnownFileType = sourcecode.swift; path = caravel_testTests.swift; sourceTree = "<group>"; };
/* End PBXFileReference section */

/* Begin PBXFrameworksBuildPhase section */
		A7F1DE201B18045C001E9B94 /* Frameworks */ = {
			isa = PBXFrameworksBuildPhase;
			buildActionMask = 2147483647;
			files = (
				A7DB0FF21C44582A002EA3FC /* Caravel.framework in Frameworks */,
			);
			runOnlyForDeploymentPostprocessing = 0;
		};
		A7F1DE351B18045C001E9B94 /* Frameworks */ = {
			isa = PBXFrameworksBuildPhase;
			buildActionMask = 2147483647;
			files = (
			);
			runOnlyForDeploymentPostprocessing = 0;
		};
/* End PBXFrameworksBuildPhase section */

/* Begin PBXGroup section */
		A7C868F81B18CC8D0070AF5A /* html */ = {
			isa = PBXGroup;
			children = (
				A7C869051B18CEF30070AF5A /* basic_triggering.html */,
				A79762961B19954A006D94CB /* event_data.html */,
				A797628C1B198B98006D94CB /* event_name.html */,
				A75AD3F81B19150200404C06 /* initialization.html */,
				A75AD3FC1B1917BE00404C06 /* multiple_subscribers.html */,
				A71E82941BFD14490078C5A0 /* threading.html */,
				A75AD40A1B191C8000404C06 /* two_buses.html */,
				A75AD4041B191A1800404C06 /* two_events.html */,
				A71E829A1BFD1D0E0078C5A0 /* unregistration.html */,
				A71E82A01BFD3BFE0078C5A0 /* benchmark.html */,
				A71E82A61BFD48350078C5A0 /* two_buckets.html */,
			);
			name = html;
			sourceTree = "<group>";
		};
		A7C868F91B18CDC20070AF5A /* js */ = {
			isa = PBXGroup;
			children = (
				A7C869071B18CF450070AF5A /* basic_triggering.js */,
				A7AC9F291B349BB40041EB0B /* caravel.min.js */,
				A79762941B199541006D94CB /* event_data.js */,
				A797628E1B198B9F006D94CB /* event_name.js */,
				A75AD3F61B1914FA00404C06 /* initialization.js */,
				A75AD3FE1B1917C300404C06 /* multiple_subscribers.js */,
				A71E82921BFD13300078C5A0 /* threading.js */,
				A75AD4081B191C7A00404C06 /* two_buses.js */,
				A75AD4021B191A1400404C06 /* two_events.js */,
				A71E82981BFD1CFD0078C5A0 /* unregistration.js */,
				A71E829E1BFD3BEB0078C5A0 /* benchmark.js */,
				A71E82A41BFD48260078C5A0 /* two_buckets.js */,
			);
			name = js;
			sourceTree = "<group>";
		};
		A7F1DE1A1B18045C001E9B94 = {
			isa = PBXGroup;
			children = (
				A7BC5DC31C09507100C0230A /* Caravel.framework */,
				A7F1DE251B18045C001E9B94 /* caravel-test */,
				A7F1DE3B1B18045C001E9B94 /* caravel-testTests */,
				A7F1DE241B18045C001E9B94 /* Products */,
			);
			sourceTree = "<group>";
		};
		A7F1DE241B18045C001E9B94 /* Products */ = {
			isa = PBXGroup;
			children = (
				A7F1DE231B18045C001E9B94 /* caravel-test.app */,
				A7F1DE381B18045C001E9B94 /* caravel-testTests.xctest */,
			);
			name = Products;
			sourceTree = "<group>";
		};
		A7F1DE251B18045C001E9B94 /* caravel-test */ = {
			isa = PBXGroup;
			children = (
				A7F1DE281B18045C001E9B94 /* AppDelegate.swift */,
				A727041B1C4700BD00E9CC82 /* BaseController.swift */,
				A7DC081A1B18C73500D98DA5 /* BasicTriggeringController.swift */,
				A71E829C1BFD39DA0078C5A0 /* BenchmarkController.swift */,
				A79762921B19904C006D94CB /* EventDataController.swift */,
				A79762901B198BA7006D94CB /* EventNameController.swift */,
				A75AD3F41B1913B600404C06 /* InitializationController.swift */,
				A7F1DE2A1B18045C001E9B94 /* MainController.swift */,
				A75AD3FA1B19169200404C06 /* MultipleSubscriberController.swift */,
				A71E82901BFD0FC00078C5A0 /* ThreadingController.swift */,
				A71E82A21BFD45F80078C5A0 /* TwoBucketController.swift */,
				A75AD4061B191ADF00404C06 /* TwoBusController.swift */,
				A75AD4001B19182F00404C06 /* TwoEventController.swift */,
				A71E82961BFD19580078C5A0 /* UnregistrationController.swift */,
				A7F1DE2F1B18045C001E9B94 /* Images.xcassets */,
				A7C868F81B18CC8D0070AF5A /* html */,
				A7C868F91B18CDC20070AF5A /* js */,
				A7F1DE311B18045C001E9B94 /* LaunchScreen.xib */,
				A7F1DE2C1B18045C001E9B94 /* Main.storyboard */,
				A7F1DE261B18045C001E9B94 /* Supporting Files */,
			);
			path = "caravel-test";
			sourceTree = "<group>";
		};
		A7F1DE261B18045C001E9B94 /* Supporting Files */ = {
			isa = PBXGroup;
			children = (
				A7F1DE271B18045C001E9B94 /* Info.plist */,
			);
			name = "Supporting Files";
			sourceTree = "<group>";
		};
		A7F1DE3B1B18045C001E9B94 /* caravel-testTests */ = {
			isa = PBXGroup;
			children = (
				A7F1DE3E1B18045C001E9B94 /* caravel_testTests.swift */,
				A7F1DE3C1B18045C001E9B94 /* Supporting Files */,
			);
			path = "caravel-testTests";
			sourceTree = "<group>";
		};
		A7F1DE3C1B18045C001E9B94 /* Supporting Files */ = {
			isa = PBXGroup;
			children = (
				A7F1DE3D1B18045C001E9B94 /* Info.plist */,
			);
			name = "Supporting Files";
			sourceTree = "<group>";
		};
/* End PBXGroup section */

/* Begin PBXNativeTarget section */
		A7F1DE221B18045C001E9B94 /* caravel-test */ = {
			isa = PBXNativeTarget;
			buildConfigurationList = A7F1DE421B18045C001E9B94 /* Build configuration list for PBXNativeTarget "caravel-test" */;
			buildPhases = (
				A7F1DE1F1B18045C001E9B94 /* Sources */,
				A7F1DE201B18045C001E9B94 /* Frameworks */,
				A7F1DE211B18045C001E9B94 /* Resources */,
				A7DB0FF41C44582A002EA3FC /* Embed Frameworks */,
			);
			buildRules = (
			);
			dependencies = (
			);
			name = "caravel-test";
			productName = "caravel-test";
			productReference = A7F1DE231B18045C001E9B94 /* caravel-test.app */;
			productType = "com.apple.product-type.application";
		};
		A7F1DE371B18045C001E9B94 /* caravel-testTests */ = {
			isa = PBXNativeTarget;
			buildConfigurationList = A7F1DE451B18045C001E9B94 /* Build configuration list for PBXNativeTarget "caravel-testTests" */;
			buildPhases = (
				A7F1DE341B18045C001E9B94 /* Sources */,
				A7F1DE351B18045C001E9B94 /* Frameworks */,
				A7F1DE361B18045C001E9B94 /* Resources */,
			);
			buildRules = (
			);
			dependencies = (
				A7F1DE3A1B18045C001E9B94 /* PBXTargetDependency */,
			);
			name = "caravel-testTests";
			productName = "caravel-testTests";
			productReference = A7F1DE381B18045C001E9B94 /* caravel-testTests.xctest */;
			productType = "com.apple.product-type.bundle.unit-test";
		};
/* End PBXNativeTarget section */

/* Begin PBXProject section */
		A7F1DE1B1B18045C001E9B94 /* Project object */ = {
			isa = PBXProject;
			attributes = {
				LastSwiftMigration = 0700;
				LastSwiftUpdateCheck = 0700;
				LastUpgradeCheck = 0710;
				ORGANIZATIONNAME = "Coshx Labs";
				TargetAttributes = {
					A7F1DE221B18045C001E9B94 = {
						CreatedOnToolsVersion = 6.3.2;
					};
					A7F1DE371B18045C001E9B94 = {
						CreatedOnToolsVersion = 6.3.2;
						TestTargetID = A7F1DE221B18045C001E9B94;
					};
				};
			};
			buildConfigurationList = A7F1DE1E1B18045C001E9B94 /* Build configuration list for PBXProject "caravel-test" */;
			compatibilityVersion = "Xcode 3.2";
			developmentRegion = English;
			hasScannedForEncodings = 0;
			knownRegions = (
				en,
				Base,
			);
			mainGroup = A7F1DE1A1B18045C001E9B94;
			productRefGroup = A7F1DE241B18045C001E9B94 /* Products */;
			projectDirPath = "";
			projectRoot = "";
			targets = (
				A7F1DE221B18045C001E9B94 /* caravel-test */,
				A7F1DE371B18045C001E9B94 /* caravel-testTests */,
			);
		};
/* End PBXProject section */

/* Begin PBXResourcesBuildPhase section */
		A7F1DE211B18045C001E9B94 /* Resources */ = {
			isa = PBXResourcesBuildPhase;
			buildActionMask = 2147483647;
			files = (
				A75AD40B1B191C8000404C06 /* two_buses.html in Resources */,
				A71E82A51BFD48260078C5A0 /* two_buckets.js in Resources */,
				A7AC9F2A1B349BB40041EB0B /* caravel.min.js in Resources */,
				A71E82A71BFD48350078C5A0 /* two_buckets.html in Resources */,
				A71E82931BFD13300078C5A0 /* threading.js in Resources */,
				A79762951B199541006D94CB /* event_data.js in Resources */,
				A71E82A11BFD3BFE0078C5A0 /* benchmark.html in Resources */,
				A7C869061B18CEF30070AF5A /* basic_triggering.html in Resources */,
				A797628D1B198B98006D94CB /* event_name.html in Resources */,
				A71E82991BFD1CFD0078C5A0 /* unregistration.js in Resources */,
				A7F1DE2E1B18045C001E9B94 /* Main.storyboard in Resources */,
				A75AD3FD1B1917BE00404C06 /* multiple_subscribers.html in Resources */,
				A79762971B19954A006D94CB /* event_data.html in Resources */,
				A75AD4051B191A1800404C06 /* two_events.html in Resources */,
				A7F1DE331B18045C001E9B94 /* LaunchScreen.xib in Resources */,
				A75AD4031B191A1400404C06 /* two_events.js in Resources */,
				A7F1DE301B18045C001E9B94 /* Images.xcassets in Resources */,
				A797628F1B198B9F006D94CB /* event_name.js in Resources */,
				A75AD3F71B1914FB00404C06 /* initialization.js in Resources */,
				A71E829F1BFD3BEB0078C5A0 /* benchmark.js in Resources */,
				A75AD4091B191C7A00404C06 /* two_buses.js in Resources */,
				A75AD3F91B19150200404C06 /* initialization.html in Resources */,
				A71E829B1BFD1D0E0078C5A0 /* unregistration.html in Resources */,
				A75AD3FF1B1917C300404C06 /* multiple_subscribers.js in Resources */,
				A7C869081B18CF450070AF5A /* basic_triggering.js in Resources */,
				A71E82951BFD14490078C5A0 /* threading.html in Resources */,
			);
			runOnlyForDeploymentPostprocessing = 0;
		};
		A7F1DE361B18045C001E9B94 /* Resources */ = {
			isa = PBXResourcesBuildPhase;
			buildActionMask = 2147483647;
			files = (
			);
			runOnlyForDeploymentPostprocessing = 0;
		};
/* End PBXResourcesBuildPhase section */

/* Begin PBXSourcesBuildPhase section */
		A7F1DE1F1B18045C001E9B94 /* Sources */ = {
			isa = PBXSourcesBuildPhase;
			buildActionMask = 2147483647;
			files = (
				A75AD3FB1B19169200404C06 /* MultipleSubscriberController.swift in Sources */,
				A7F1DE2B1B18045C001E9B94 /* MainController.swift in Sources */,
				A727041C1C4700BD00E9CC82 /* BaseController.swift in Sources */,
				A71E82971BFD19580078C5A0 /* UnregistrationController.swift in Sources */,
				A75AD3F51B1913B600404C06 /* InitializationController.swift in Sources */,
				A79762911B198BA7006D94CB /* EventNameController.swift in Sources */,
				A75AD4071B191ADF00404C06 /* TwoBusController.swift in Sources */,
				A79762931B19904C006D94CB /* EventDataController.swift in Sources */,
				A7DC081B1B18C73500D98DA5 /* BasicTriggeringController.swift in Sources */,
				A7F1DE291B18045C001E9B94 /* AppDelegate.swift in Sources */,
				A71E82911BFD0FC00078C5A0 /* ThreadingController.swift in Sources */,
				A71E82A31BFD45F80078C5A0 /* TwoBucketController.swift in Sources */,
				A75AD4011B19182F00404C06 /* TwoEventController.swift in Sources */,
				A71E829D1BFD39DA0078C5A0 /* BenchmarkController.swift in Sources */,
			);
			runOnlyForDeploymentPostprocessing = 0;
		};
		A7F1DE341B18045C001E9B94 /* Sources */ = {
			isa = PBXSourcesBuildPhase;
			buildActionMask = 2147483647;
			files = (
				A7F1DE3F1B18045C001E9B94 /* caravel_testTests.swift in Sources */,
			);
			runOnlyForDeploymentPostprocessing = 0;
		};
/* End PBXSourcesBuildPhase section */

/* Begin PBXTargetDependency section */
		A7F1DE3A1B18045C001E9B94 /* PBXTargetDependency */ = {
			isa = PBXTargetDependency;
			target = A7F1DE221B18045C001E9B94 /* caravel-test */;
			targetProxy = A7F1DE391B18045C001E9B94 /* PBXContainerItemProxy */;
		};
/* End PBXTargetDependency section */

/* Begin PBXVariantGroup section */
		A7F1DE2C1B18045C001E9B94 /* Main.storyboard */ = {
			isa = PBXVariantGroup;
			children = (
				A7F1DE2D1B18045C001E9B94 /* Base */,
			);
			name = Main.storyboard;
			sourceTree = "<group>";
		};
		A7F1DE311B18045C001E9B94 /* LaunchScreen.xib */ = {
			isa = PBXVariantGroup;
			children = (
				A7F1DE321B18045C001E9B94 /* Base */,
			);
			name = LaunchScreen.xib;
			sourceTree = "<group>";
		};
/* End PBXVariantGroup section */

/* Begin XCBuildConfiguration section */
		A7F1DE401B18045C001E9B94 /* Debug */ = {
			isa = XCBuildConfiguration;
			buildSettings = {
				ALWAYS_SEARCH_USER_PATHS = NO;
				CLANG_CXX_LANGUAGE_STANDARD = "gnu++0x";
				CLANG_CXX_LIBRARY = "libc++";
				CLANG_ENABLE_MODULES = YES;
				CLANG_ENABLE_OBJC_ARC = YES;
				CLANG_WARN_BOOL_CONVERSION = YES;
				CLANG_WARN_CONSTANT_CONVERSION = YES;
				CLANG_WARN_DIRECT_OBJC_ISA_USAGE = YES_ERROR;
				CLANG_WARN_EMPTY_BODY = YES;
				CLANG_WARN_ENUM_CONVERSION = YES;
				CLANG_WARN_INT_CONVERSION = YES;
				CLANG_WARN_OBJC_ROOT_CLASS = YES_ERROR;
				CLANG_WARN_UNREACHABLE_CODE = YES;
				CLANG_WARN__DUPLICATE_METHOD_MATCH = YES;
				"CODE_SIGN_IDENTITY[sdk=iphoneos*]" = "iPhone Developer";
				COPY_PHASE_STRIP = NO;
				DEBUG_INFORMATION_FORMAT = "dwarf-with-dsym";
				ENABLE_STRICT_OBJC_MSGSEND = YES;
				ENABLE_TESTABILITY = YES;
				GCC_C_LANGUAGE_STANDARD = gnu99;
				GCC_DYNAMIC_NO_PIC = NO;
				GCC_NO_COMMON_BLOCKS = YES;
				GCC_OPTIMIZATION_LEVEL = 0;
				GCC_PREPROCESSOR_DEFINITIONS = (
					"DEBUG=1",
					"$(inherited)",
				);
				GCC_SYMBOLS_PRIVATE_EXTERN = NO;
				GCC_WARN_64_TO_32_BIT_CONVERSION = YES;
				GCC_WARN_ABOUT_RETURN_TYPE = YES_ERROR;
				GCC_WARN_UNDECLARED_SELECTOR = YES;
				GCC_WARN_UNINITIALIZED_AUTOS = YES_AGGRESSIVE;
				GCC_WARN_UNUSED_FUNCTION = YES;
				GCC_WARN_UNUSED_VARIABLE = YES;
				IPHONEOS_DEPLOYMENT_TARGET = 8.3;
				MTL_ENABLE_DEBUG_INFO = YES;
				ONLY_ACTIVE_ARCH = YES;
				SDKROOT = iphoneos;
				SWIFT_OPTIMIZATION_LEVEL = "-Onone";
			};
			name = Debug;
		};
		A7F1DE411B18045C001E9B94 /* Release */ = {
			isa = XCBuildConfiguration;
			buildSettings = {
				ALWAYS_SEARCH_USER_PATHS = NO;
				CLANG_CXX_LANGUAGE_STANDARD = "gnu++0x";
				CLANG_CXX_LIBRARY = "libc++";
				CLANG_ENABLE_MODULES = YES;
				CLANG_ENABLE_OBJC_ARC = YES;
				CLANG_WARN_BOOL_CONVERSION = YES;
				CLANG_WARN_CONSTANT_CONVERSION = YES;
				CLANG_WARN_DIRECT_OBJC_ISA_USAGE = YES_ERROR;
				CLANG_WARN_EMPTY_BODY = YES;
				CLANG_WARN_ENUM_CONVERSION = YES;
				CLANG_WARN_INT_CONVERSION = YES;
				CLANG_WARN_OBJC_ROOT_CLASS = YES_ERROR;
				CLANG_WARN_UNREACHABLE_CODE = YES;
				CLANG_WARN__DUPLICATE_METHOD_MATCH = YES;
				"CODE_SIGN_IDENTITY[sdk=iphoneos*]" = "iPhone Developer";
				COPY_PHASE_STRIP = NO;
				DEBUG_INFORMATION_FORMAT = "dwarf-with-dsym";
				ENABLE_NS_ASSERTIONS = NO;
				ENABLE_STRICT_OBJC_MSGSEND = YES;
				GCC_C_LANGUAGE_STANDARD = gnu99;
				GCC_NO_COMMON_BLOCKS = YES;
				GCC_WARN_64_TO_32_BIT_CONVERSION = YES;
				GCC_WARN_ABOUT_RETURN_TYPE = YES_ERROR;
				GCC_WARN_UNDECLARED_SELECTOR = YES;
				GCC_WARN_UNINITIALIZED_AUTOS = YES_AGGRESSIVE;
				GCC_WARN_UNUSED_FUNCTION = YES;
				GCC_WARN_UNUSED_VARIABLE = YES;
				IPHONEOS_DEPLOYMENT_TARGET = 8.3;
				MTL_ENABLE_DEBUG_INFO = NO;
				SDKROOT = iphoneos;
				VALIDATE_PRODUCT = YES;
			};
			name = Release;
		};
		A7F1DE431B18045C001E9B94 /* Debug */ = {
			isa = XCBuildConfiguration;
			buildSettings = {
				ASSETCATALOG_COMPILER_APPICON_NAME = AppIcon;
				FRAMEWORK_SEARCH_PATHS = "$(PROJECT_DIR)/build/Debug-iphoneos";
				INFOPLIST_FILE = "caravel-test/Info.plist";
				IPHONEOS_DEPLOYMENT_TARGET = 8.1;
				LD_RUNPATH_SEARCH_PATHS = "$(inherited) @executable_path/Frameworks";
				PRODUCT_BUNDLE_IDENTIFIER = "com.coshx.$(PRODUCT_NAME:rfc1034identifier)";
				PRODUCT_NAME = "$(TARGET_NAME)";
			};
			name = Debug;
		};
		A7F1DE441B18045C001E9B94 /* Release */ = {
			isa = XCBuildConfiguration;
			buildSettings = {
				ASSETCATALOG_COMPILER_APPICON_NAME = AppIcon;
				FRAMEWORK_SEARCH_PATHS = "$(PROJECT_DIR)/build/Debug-iphoneos";
				INFOPLIST_FILE = "caravel-test/Info.plist";
				IPHONEOS_DEPLOYMENT_TARGET = 8.1;
				LD_RUNPATH_SEARCH_PATHS = "$(inherited) @executable_path/Frameworks";
				PRODUCT_BUNDLE_IDENTIFIER = "com.coshx.$(PRODUCT_NAME:rfc1034identifier)";
				PRODUCT_NAME = "$(TARGET_NAME)";
			};
			name = Release;
		};
		A7F1DE461B18045C001E9B94 /* Debug */ = {
			isa = XCBuildConfiguration;
			buildSettings = {
				BUNDLE_LOADER = "$(TEST_HOST)";
				FRAMEWORK_SEARCH_PATHS = (
					"$(SDKROOT)/Developer/Library/Frameworks",
					"$(inherited)",
				);
				GCC_PREPROCESSOR_DEFINITIONS = (
					"DEBUG=1",
					"$(inherited)",
				);
				INFOPLIST_FILE = "caravel-testTests/Info.plist";
				LD_RUNPATH_SEARCH_PATHS = "$(inherited) @executable_path/Frameworks @loader_path/Frameworks";
				PRODUCT_BUNDLE_IDENTIFIER = "com.coshx.$(PRODUCT_NAME:rfc1034identifier)";
				PRODUCT_NAME = "$(TARGET_NAME)";
				TEST_HOST = "$(BUILT_PRODUCTS_DIR)/caravel-test.app/caravel-test";
			};
			name = Debug;
		};
		A7F1DE471B18045C001E9B94 /* Release */ = {
			isa = XCBuildConfiguration;
			buildSettings = {
				BUNDLE_LOADER = "$(TEST_HOST)";
				FRAMEWORK_SEARCH_PATHS = (
					"$(SDKROOT)/Developer/Library/Frameworks",
					"$(inherited)",
				);
				INFOPLIST_FILE = "caravel-testTests/Info.plist";
				LD_RUNPATH_SEARCH_PATHS = "$(inherited) @executable_path/Frameworks @loader_path/Frameworks";
				PRODUCT_BUNDLE_IDENTIFIER = "com.coshx.$(PRODUCT_NAME:rfc1034identifier)";
				PRODUCT_NAME = "$(TARGET_NAME)";
				TEST_HOST = "$(BUILT_PRODUCTS_DIR)/caravel-test.app/caravel-test";
			};
			name = Release;
		};
/* End XCBuildConfiguration section */

/* Begin XCConfigurationList section */
		A7F1DE1E1B18045C001E9B94 /* Build configuration list for PBXProject "caravel-test" */ = {
			isa = XCConfigurationList;
			buildConfigurations = (
				A7F1DE401B18045C001E9B94 /* Debug */,
				A7F1DE411B18045C001E9B94 /* Release */,
			);
			defaultConfigurationIsVisible = 0;
			defaultConfigurationName = Release;
		};
		A7F1DE421B18045C001E9B94 /* Build configuration list for PBXNativeTarget "caravel-test" */ = {
			isa = XCConfigurationList;
			buildConfigurations = (
				A7F1DE431B18045C001E9B94 /* Debug */,
				A7F1DE441B18045C001E9B94 /* Release */,
			);
			defaultConfigurationIsVisible = 0;
			defaultConfigurationName = Release;
		};
		A7F1DE451B18045C001E9B94 /* Build configuration list for PBXNativeTarget "caravel-testTests" */ = {
			isa = XCConfigurationList;
			buildConfigurations = (
				A7F1DE461B18045C001E9B94 /* Debug */,
				A7F1DE471B18045C001E9B94 /* Release */,
			);
			defaultConfigurationIsVisible = 0;
			defaultConfigurationName = Release;
		};
/* End XCConfigurationList section */
	};
	rootObject = A7F1DE1B1B18045C001E9B94 /* Project object */;
}
